dependencies:
- name: ltb-passwd
  repository: ""
  version: 0.1.x
- name: phpldapadmin
  repository: ""
  version: 0.1.x
- name: common
  repository: https://charts.bitnami.com/bitnami
  version: 2.16.0
digest: sha256:cd826d7a4985ebab416838a81a4152113bc03962b5435f8cbc8d9a293a179b40
generated: "2024-02-16T17:04:55.600507316+01:00"
